
Microsoft Visual Studio Solution File, Format Version 12.00
# Visual Studio 14
VisualStudioVersion = 14.0.25123.0
MinimumVisualStudioVersion = 10.0.40219.1
Project("{FAE04EC0-301F-11D3-BF4B-00C04F79EFBC}") = "Schedutalk.Droid", "Schedutalk\Schedutalk.Droid\Schedutalk.Droid.csproj", "{8890E676-108B-4411-AB5A-227EAB18E57A}"
EndProject
Project("{FAE04EC0-301F-11D3-BF4B-00C04F79EFBC}") = "Schedutalk.iOS", "Schedutalk\Schedutalk.iOS\Schedutalk.iOS.csproj", "{27BAF13E-2496-4681-AE5B-83C342C833B8}"
EndProject
Project("{FAE04EC0-301F-11D3-BF4B-00C04F79EFBC}") = "Schedutalk.WinPhone", "Schedutalk\Schedutalk.WinPhone\Schedutalk.WinPhone.csproj", "{A578577D-487A-4431-BB74-A9ACB3EDE04A}"
EndProject
Project("{FAE04EC0-301F-11D3-BF4B-00C04F79EFBC}") = "Schedutalk.UWP", "Schedutalk\Schedutalk.UWP\Schedutalk.UWP.csproj", "{09DA61B2-C78A-43F6-92E2-C003D82B6ACF}"
EndProject
Project("{FAE04EC0-301F-11D3-BF4B-00C04F79EFBC}") = "Schedutalk.Windows", "Schedutalk\Schedutalk.Windows\Schedutalk.Windows.csproj", "{A9E9C2B8-972A-414D-AA62-C855C34957AB}"
EndProject
Project("{FAE04EC0-301F-11D3-BF4B-00C04F79EFBC}") = "Schedutalk", "Schedutalk\Schedutalk\Schedutalk.csproj", "{4C01FED9-C600-4C19-8882-8901A102FA96}"
EndProject
Global
	GlobalSection(SolutionConfigurationPlatforms) = preSolution
		Ad-Hoc|Any CPU = Ad-Hoc|Any CPU
		Ad-Hoc|ARM = Ad-Hoc|ARM
		Ad-Hoc|iPhone = Ad-Hoc|iPhone
		Ad-Hoc|iPhoneSimulator = Ad-Hoc|iPhoneSimulator
		Ad-Hoc|x64 = Ad-Hoc|x64
		Ad-Hoc|x86 = Ad-Hoc|x86
		AppStore|Any CPU = AppStore|Any CPU
		AppStore|ARM = AppStore|ARM
		AppStore|iPhone = AppStore|iPhone
		AppStore|iPhoneSimulator = AppStore|iPhoneSimulator
		AppStore|x64 = AppStore|x64
		AppStore|x86 = AppStore|x86
		Debug|Any CPU = Debug|Any CPU
		Debug|ARM = Debug|ARM
		Debug|iPhone = Debug|iPhone
		Debug|iPhoneSimulator = Debug|iPhoneSimulator
		Debug|x64 = Debug|x64
		Debug|x86 = Debug|x86
		Release|Any CPU = Release|Any CPU
		Release|ARM = Release|ARM
		Release|iPhone = Release|iPhone
		Release|iPhoneSimulator = Release|iPhoneSimulator
		Release|x64 = Release|x64
		Release|x86 = Release|x86
	EndGlobalSection
	GlobalSection(ProjectConfigurationPlatforms) = postSolution
		{8890E676-108B-4411-AB5A-227EAB18E57A}.Ad-Hoc|Any CPU.ActiveCfg = Release|Any CPU
		{8890E676-108B-4411-AB5A-227EAB18E57A}.Ad-Hoc|Any CPU.Build.0 = Release|Any CPU
		{8890E676-108B-4411-AB5A-227EAB18E57A}.Ad-Hoc|Any CPU.Deploy.0 = Release|Any CPU
		{8890E676-108B-4411-AB5A-227EAB18E57A}.Ad-Hoc|ARM.ActiveCfg = Release|Any CPU
		{8890E676-108B-4411-AB5A-227EAB18E57A}.Ad-Hoc|ARM.Build.0 = Release|Any CPU
		{8890E676-108B-4411-AB5A-227EAB18E57A}.Ad-Hoc|ARM.Deploy.0 = Release|Any CPU
		{8890E676-108B-4411-AB5A-227EAB18E57A}.Ad-Hoc|iPhone.ActiveCfg = Release|Any CPU
		{8890E676-108B-4411-AB5A-227EAB18E57A}.Ad-Hoc|iPhone.Build.0 = Release|Any CPU
		{8890E676-108B-4411-AB5A-227EAB18E57A}.Ad-Hoc|iPhone.Deploy.0 = Release|Any CPU
		{8890E676-108B-4411-AB5A-227EAB18E57A}.Ad-Hoc|iPhoneSimulator.ActiveCfg = Release|Any CPU
		{8890E676-108B-4411-AB5A-227EAB18E57A}.Ad-Hoc|iPhoneSimulator.Build.0 = Release|Any CPU
		{8890E676-108B-4411-AB5A-227EAB18E57A}.Ad-Hoc|iPhoneSimulator.Deploy.0 = Release|Any CPU
		{8890E676-108B-4411-AB5A-227EAB18E57A}.Ad-Hoc|x64.ActiveCfg = Release|Any CPU
		{8890E676-108B-4411-AB5A-227EAB18E57A}.Ad-Hoc|x64.Build.0 = Release|Any CPU
		{8890E676-108B-4411-AB5A-227EAB18E57A}.Ad-Hoc|x64.Deploy.0 = Release|Any CPU
		{8890E676-108B-4411-AB5A-227EAB18E57A}.Ad-Hoc|x86.ActiveCfg = Release|Any CPU
		{8890E676-108B-4411-AB5A-227EAB18E57A}.Ad-Hoc|x86.Build.0 = Release|Any CPU
		{8890E676-108B-4411-AB5A-227EAB18E57A}.Ad-Hoc|x86.Deploy.0 = Release|Any CPU
		{8890E676-108B-4411-AB5A-227EAB18E57A}.AppStore|Any CPU.ActiveCfg = Release|Any CPU
		{8890E676-108B-4411-AB5A-227EAB18E57A}.AppStore|Any CPU.Build.0 = Release|Any CPU
		{8890E676-108B-4411-AB5A-227EAB18E57A}.AppStore|Any CPU.Deploy.0 = Release|Any CPU
		{8890E676-108B-4411-AB5A-227EAB18E57A}.AppStore|ARM.ActiveCfg = Release|Any CPU
		{8890E676-108B-4411-AB5A-227EAB18E57A}.AppStore|ARM.Build.0 = Release|Any CPU
		{8890E676-108B-4411-AB5A-227EAB18E57A}.AppStore|ARM.Deploy.0 = Release|Any CPU
		{8890E676-108B-4411-AB5A-227EAB18E57A}.AppStore|iPhone.ActiveCfg = Release|Any CPU
		{8890E676-108B-4411-AB5A-227EAB18E57A}.AppStore|iPhone.Build.0 = Release|Any CPU
		{8890E676-108B-4411-AB5A-227EAB18E57A}.AppStore|iPhone.Deploy.0 = Release|Any CPU
		{8890E676-108B-4411-AB5A-227EAB18E57A}.AppStore|iPhoneSimulator.ActiveCfg = Release|Any CPU
		{8890E676-108B-4411-AB5A-227EAB18E57A}.AppStore|iPhoneSimulator.Build.0 = Release|Any CPU
		{8890E676-108B-4411-AB5A-227EAB18E57A}.AppStore|iPhoneSimulator.Deploy.0 = Release|Any CPU
		{8890E676-108B-4411-AB5A-227EAB18E57A}.AppStore|x64.ActiveCfg = Release|Any CPU
		{8890E676-108B-4411-AB5A-227EAB18E57A}.AppStore|x64.Build.0 = Release|Any CPU
		{8890E676-108B-4411-AB5A-227EAB18E57A}.AppStore|x64.Deploy.0 = Release|Any CPU
		{8890E676-108B-4411-AB5A-227EAB18E57A}.AppStore|x86.ActiveCfg = Release|Any CPU
		{8890E676-108B-4411-AB5A-227EAB18E57A}.AppStore|x86.Build.0 = Release|Any CPU
		{8890E676-108B-4411-AB5A-227EAB18E57A}.AppStore|x86.Deploy.0 = Release|Any CPU
		{8890E676-108B-4411-AB5A-227EAB18E57A}.Debug|Any CPU.ActiveCfg = Debug|Any CPU
		{8890E676-108B-4411-AB5A-227EAB18E57A}.Debug|Any CPU.Build.0 = Debug|Any CPU
		{8890E676-108B-4411-AB5A-227EAB18E57A}.Debug|Any CPU.Deploy.0 = Debug|Any CPU
		{8890E676-108B-4411-AB5A-227EAB18E57A}.Debug|ARM.ActiveCfg = Debug|Any CPU
		{8890E676-108B-4411-AB5A-227EAB18E57A}.Debug|ARM.Build.0 = Debug|Any CPU
		{8890E676-108B-4411-AB5A-227EAB18E57A}.Debug|ARM.Deploy.0 = Debug|Any CPU
		{8890E676-108B-4411-AB5A-227EAB18E57A}.Debug|iPhone.ActiveCfg = Debug|Any CPU
		{8890E676-108B-4411-AB5A-227EAB18E57A}.Debug|iPhone.Build.0 = Debug|Any CPU
		{8890E676-108B-4411-AB5A-227EAB18E57A}.Debug|iPhone.Deploy.0 = Debug|Any CPU
		{8890E676-108B-4411-AB5A-227EAB18E57A}.Debug|iPhoneSimulator.ActiveCfg = Debug|Any CPU
		{8890E676-108B-4411-AB5A-227EAB18E57A}.Debug|iPhoneSimulator.Build.0 = Debug|Any CPU
		{8890E676-108B-4411-AB5A-227EAB18E57A}.Debug|iPhoneSimulator.Deploy.0 = Debug|Any CPU
		{8890E676-108B-4411-AB5A-227EAB18E57A}.Debug|x64.ActiveCfg = Debug|Any CPU
		{8890E676-108B-4411-AB5A-227EAB18E57A}.Debug|x64.Build.0 = Debug|Any CPU
		{8890E676-108B-4411-AB5A-227EAB18E57A}.Debug|x64.Deploy.0 = Debug|Any CPU
		{8890E676-108B-4411-AB5A-227EAB18E57A}.Debug|x86.ActiveCfg = Debug|Any CPU
		{8890E676-108B-4411-AB5A-227EAB18E57A}.Debug|x86.Build.0 = Debug|Any CPU
		{8890E676-108B-4411-AB5A-227EAB18E57A}.Debug|x86.Deploy.0 = Debug|Any CPU
		{8890E676-108B-4411-AB5A-227EAB18E57A}.Release|Any CPU.ActiveCfg = Release|Any CPU
		{8890E676-108B-4411-AB5A-227EAB18E57A}.Release|Any CPU.Build.0 = Release|Any CPU
		{8890E676-108B-4411-AB5A-227EAB18E57A}.Release|Any CPU.Deploy.0 = Release|Any CPU
		{8890E676-108B-4411-AB5A-227EAB18E57A}.Release|ARM.ActiveCfg = Release|Any CPU
		{8890E676-108B-4411-AB5A-227EAB18E57A}.Release|ARM.Build.0 = Release|Any CPU
		{8890E676-108B-4411-AB5A-227EAB18E57A}.Release|ARM.Deploy.0 = Release|Any CPU
		{8890E676-108B-4411-AB5A-227EAB18E57A}.Release|iPhone.ActiveCfg = Release|Any CPU
		{8890E676-108B-4411-AB5A-227EAB18E57A}.Release|iPhone.Build.0 = Release|Any CPU
		{8890E676-108B-4411-AB5A-227EAB18E57A}.Release|iPhone.Deploy.0 = Release|Any CPU
		{8890E676-108B-4411-AB5A-227EAB18E57A}.Release|iPhoneSimulator.ActiveCfg = Release|Any CPU
		{8890E676-108B-4411-AB5A-227EAB18E57A}.Release|iPhoneSimulator.Build.0 = Release|Any CPU
		{8890E676-108B-4411-AB5A-227EAB18E57A}.Release|iPhoneSimulator.Deploy.0 = Release|Any CPU
		{8890E676-108B-4411-AB5A-227EAB18E57A}.Release|x64.ActiveCfg = Release|Any CPU
		{8890E676-108B-4411-AB5A-227EAB18E57A}.Release|x64.Build.0 = Release|Any CPU
		{8890E676-108B-4411-AB5A-227EAB18E57A}.Release|x64.Deploy.0 = Release|Any CPU
		{8890E676-108B-4411-AB5A-227EAB18E57A}.Release|x86.ActiveCfg = Release|Any CPU
		{8890E676-108B-4411-AB5A-227EAB18E57A}.Release|x86.Build.0 = Release|Any CPU
		{8890E676-108B-4411-AB5A-227EAB18E57A}.Release|x86.Deploy.0 = Release|Any CPU
		{27BAF13E-2496-4681-AE5B-83C342C833B8}.Ad-Hoc|Any CPU.ActiveCfg = Ad-Hoc|iPhone
		{27BAF13E-2496-4681-AE5B-83C342C833B8}.Ad-Hoc|ARM.ActiveCfg = Ad-Hoc|iPhone
		{27BAF13E-2496-4681-AE5B-83C342C833B8}.Ad-Hoc|iPhone.ActiveCfg = Ad-Hoc|iPhone
		{27BAF13E-2496-4681-AE5B-83C342C833B8}.Ad-Hoc|iPhone.Build.0 = Ad-Hoc|iPhone
		{27BAF13E-2496-4681-AE5B-83C342C833B8}.Ad-Hoc|iPhoneSimulator.ActiveCfg = Ad-Hoc|iPhoneSimulator
		{27BAF13E-2496-4681-AE5B-83C342C833B8}.Ad-Hoc|iPhoneSimulator.Build.0 = Ad-Hoc|iPhoneSimulator
		{27BAF13E-2496-4681-AE5B-83C342C833B8}.Ad-Hoc|x64.ActiveCfg = Ad-Hoc|iPhone
		{27BAF13E-2496-4681-AE5B-83C342C833B8}.Ad-Hoc|x86.ActiveCfg = Ad-Hoc|iPhone
		{27BAF13E-2496-4681-AE5B-83C342C833B8}.AppStore|Any CPU.ActiveCfg = AppStore|iPhone
		{27BAF13E-2496-4681-AE5B-83C342C833B8}.AppStore|ARM.ActiveCfg = AppStore|iPhone
		{27BAF13E-2496-4681-AE5B-83C342C833B8}.AppStore|iPhone.ActiveCfg = AppStore|iPhone
		{27BAF13E-2496-4681-AE5B-83C342C833B8}.AppStore|iPhone.Build.0 = AppStore|iPhone
		{27BAF13E-2496-4681-AE5B-83C342C833B8}.AppStore|iPhoneSimulator.ActiveCfg = AppStore|iPhoneSimulator
		{27BAF13E-2496-4681-AE5B-83C342C833B8}.AppStore|iPhoneSimulator.Build.0 = AppStore|iPhoneSimulator
		{27BAF13E-2496-4681-AE5B-83C342C833B8}.AppStore|x64.ActiveCfg = AppStore|iPhone
		{27BAF13E-2496-4681-AE5B-83C342C833B8}.AppStore|x86.ActiveCfg = AppStore|iPhone
		{27BAF13E-2496-4681-AE5B-83C342C833B8}.Debug|Any CPU.ActiveCfg = Debug|iPhone
		{27BAF13E-2496-4681-AE5B-83C342C833B8}.Debug|ARM.ActiveCfg = Debug|iPhone
		{27BAF13E-2496-4681-AE5B-83C342C833B8}.Debug|iPhone.ActiveCfg = Debug|iPhone
		{27BAF13E-2496-4681-AE5B-83C342C833B8}.Debug|iPhone.Build.0 = Debug|iPhone
		{27BAF13E-2496-4681-AE5B-83C342C833B8}.Debug|iPhoneSimulator.ActiveCfg = Debug|iPhoneSimulator
		{27BAF13E-2496-4681-AE5B-83C342C833B8}.Debug|iPhoneSimulator.Build.0 = Debug|iPhoneSimulator
		{27BAF13E-2496-4681-AE5B-83C342C833B8}.Debug|x64.ActiveCfg = Debug|iPhone
		{27BAF13E-2496-4681-AE5B-83C342C833B8}.Debug|x86.ActiveCfg = Debug|iPhone
		{27BAF13E-2496-4681-AE5B-83C342C833B8}.Release|Any CPU.ActiveCfg = Release|iPhone
		{27BAF13E-2496-4681-AE5B-83C342C833B8}.Release|ARM.ActiveCfg = Release|iPhone
		{27BAF13E-2496-4681-AE5B-83C342C833B8}.Release|iPhone.ActiveCfg = Release|iPhone
		{27BAF13E-2496-4681-AE5B-83C342C833B8}.Release|iPhone.Build.0 = Release|iPhone
		{27BAF13E-2496-4681-AE5B-83C342C833B8}.Release|iPhoneSimulator.ActiveCfg = Release|iPhoneSimulator
		{27BAF13E-2496-4681-AE5B-83C342C833B8}.Release|iPhoneSimulator.Build.0 = Release|iPhoneSimulator
		{27BAF13E-2496-4681-AE5B-83C342C833B8}.Release|x64.ActiveCfg = Release|iPhone
		{27BAF13E-2496-4681-AE5B-83C342C833B8}.Release|x86.ActiveCfg = Release|iPhone
		{A578577D-487A-4431-BB74-A9ACB3EDE04A}.Ad-Hoc|Any CPU.ActiveCfg = Release|Any CPU
		{A578577D-487A-4431-BB74-A9ACB3EDE04A}.Ad-Hoc|Any CPU.Build.0 = Release|Any CPU
		{A578577D-487A-4431-BB74-A9ACB3EDE04A}.Ad-Hoc|Any CPU.Deploy.0 = Release|Any CPU
		{A578577D-487A-4431-BB74-A9ACB3EDE04A}.Ad-Hoc|ARM.ActiveCfg = Release|ARM
		{A578577D-487A-4431-BB74-A9ACB3EDE04A}.Ad-Hoc|ARM.Build.0 = Release|ARM
		{A578577D-487A-4431-BB74-A9ACB3EDE04A}.Ad-Hoc|ARM.Deploy.0 = Release|ARM
		{A578577D-487A-4431-BB74-A9ACB3EDE04A}.Ad-Hoc|iPhone.ActiveCfg = Release|Any CPU
		{A578577D-487A-4431-BB74-A9ACB3EDE04A}.Ad-Hoc|iPhone.Build.0 = Release|Any CPU
		{A578577D-487A-4431-BB74-A9ACB3EDE04A}.Ad-Hoc|iPhone.Deploy.0 = Release|Any CPU
		{A578577D-487A-4431-BB74-A9ACB3EDE04A}.Ad-Hoc|iPhoneSimulator.ActiveCfg = Release|Any CPU
		{A578577D-487A-4431-BB74-A9ACB3EDE04A}.Ad-Hoc|iPhoneSimulator.Build.0 = Release|Any CPU
		{A578577D-487A-4431-BB74-A9ACB3EDE04A}.Ad-Hoc|iPhoneSimulator.Deploy.0 = Release|Any CPU
		{A578577D-487A-4431-BB74-A9ACB3EDE04A}.Ad-Hoc|x64.ActiveCfg = Release|Any CPU
		{A578577D-487A-4431-BB74-A9ACB3EDE04A}.Ad-Hoc|x64.Build.0 = Release|Any CPU
		{A578577D-487A-4431-BB74-A9ACB3EDE04A}.Ad-Hoc|x64.Deploy.0 = Release|Any CPU
		{A578577D-487A-4431-BB74-A9ACB3EDE04A}.Ad-Hoc|x86.ActiveCfg = Release|x86
		{A578577D-487A-4431-BB74-A9ACB3EDE04A}.Ad-Hoc|x86.Build.0 = Release|x86
		{A578577D-487A-4431-BB74-A9ACB3EDE04A}.Ad-Hoc|x86.Deploy.0 = Release|x86
		{A578577D-487A-4431-BB74-A9ACB3EDE04A}.AppStore|Any CPU.ActiveCfg = Release|Any CPU
		{A578577D-487A-4431-BB74-A9ACB3EDE04A}.AppStore|Any CPU.Build.0 = Release|Any CPU
		{A578577D-487A-4431-BB74-A9ACB3EDE04A}.AppStore|Any CPU.Deploy.0 = Release|Any CPU
		{A578577D-487A-4431-BB74-A9ACB3EDE04A}.AppStore|ARM.ActiveCfg = Release|ARM
		{A578577D-487A-4431-BB74-A9ACB3EDE04A}.AppStore|ARM.Build.0 = Release|ARM
		{A578577D-487A-4431-BB74-A9ACB3EDE04A}.AppStore|ARM.Deploy.0 = Release|ARM
		{A578577D-487A-4431-BB74-A9ACB3EDE04A}.AppStore|iPhone.ActiveCfg = Release|Any CPU
		{A578577D-487A-4431-BB74-A9ACB3EDE04A}.AppStore|iPhone.Build.0 = Release|Any CPU
		{A578577D-487A-4431-BB74-A9ACB3EDE04A}.AppStore|iPhone.Deploy.0 = Release|Any CPU
		{A578577D-487A-4431-BB74-A9ACB3EDE04A}.AppStore|iPhoneSimulator.ActiveCfg = Release|Any CPU
		{A578577D-487A-4431-BB74-A9ACB3EDE04A}.AppStore|iPhoneSimulator.Build.0 = Release|Any CPU
		{A578577D-487A-4431-BB74-A9ACB3EDE04A}.AppStore|iPhoneSimulator.Deploy.0 = Release|Any CPU
		{A578577D-487A-4431-BB74-A9ACB3EDE04A}.AppStore|x64.ActiveCfg = Release|Any CPU
		{A578577D-487A-4431-BB74-A9ACB3EDE04A}.AppStore|x64.Build.0 = Release|Any CPU
		{A578577D-487A-4431-BB74-A9ACB3EDE04A}.AppStore|x64.Deploy.0 = Release|Any CPU
		{A578577D-487A-4431-BB74-A9ACB3EDE04A}.AppStore|x86.ActiveCfg = Release|x86
		{A578577D-487A-4431-BB74-A9ACB3EDE04A}.AppStore|x86.Build.0 = Release|x86
		{A578577D-487A-4431-BB74-A9ACB3EDE04A}.AppStore|x86.Deploy.0 = Release|x86
		{A578577D-487A-4431-BB74-A9ACB3EDE04A}.Debug|Any CPU.ActiveCfg = Debug|Any CPU
		{A578577D-487A-4431-BB74-A9ACB3EDE04A}.Debug|Any CPU.Build.0 = Debug|Any CPU
		{A578577D-487A-4431-BB74-A9ACB3EDE04A}.Debug|Any CPU.Deploy.0 = Debug|Any CPU
		{A578577D-487A-4431-BB74-A9ACB3EDE04A}.Debug|ARM.ActiveCfg = Debug|ARM
		{A578577D-487A-4431-BB74-A9ACB3EDE04A}.Debug|ARM.Build.0 = Debug|ARM
		{A578577D-487A-4431-BB74-A9ACB3EDE04A}.Debug|ARM.Deploy.0 = Debug|ARM
		{A578577D-487A-4431-BB74-A9ACB3EDE04A}.Debug|iPhone.ActiveCfg = Debug|Any CPU
		{A578577D-487A-4431-BB74-A9ACB3EDE04A}.Debug|iPhone.Build.0 = Debug|Any CPU
		{A578577D-487A-4431-BB74-A9ACB3EDE04A}.Debug|iPhone.Deploy.0 = Debug|Any CPU
		{A578577D-487A-4431-BB74-A9ACB3EDE04A}.Debug|iPhoneSimulator.ActiveCfg = Debug|Any CPU
		{A578577D-487A-4431-BB74-A9ACB3EDE04A}.Debug|iPhoneSimulator.Build.0 = Debug|Any CPU
		{A578577D-487A-4431-BB74-A9ACB3EDE04A}.Debug|iPhoneSimulator.Deploy.0 = Debug|Any CPU
		{A578577D-487A-4431-BB74-A9ACB3EDE04A}.Debug|x64.ActiveCfg = Debug|Any CPU
		{A578577D-487A-4431-BB74-A9ACB3EDE04A}.Debug|x64.Build.0 = Debug|Any CPU
		{A578577D-487A-4431-BB74-A9ACB3EDE04A}.Debug|x64.Deploy.0 = Debug|Any CPU
		{A578577D-487A-4431-BB74-A9ACB3EDE04A}.Debug|x86.ActiveCfg = Debug|x86
		{A578577D-487A-4431-BB74-A9ACB3EDE04A}.Debug|x86.Build.0 = Debug|x86
		{A578577D-487A-4431-BB74-A9ACB3EDE04A}.Debug|x86.Deploy.0 = Debug|x86
		{A578577D-487A-4431-BB74-A9ACB3EDE04A}.Release|Any CPU.ActiveCfg = Release|Any CPU
		{A578577D-487A-4431-BB74-A9ACB3EDE04A}.Release|Any CPU.Build.0 = Release|Any CPU
		{A578577D-487A-4431-BB74-A9ACB3EDE04A}.Release|Any CPU.Deploy.0 = Release|Any CPU
		{A578577D-487A-4431-BB74-A9ACB3EDE04A}.Release|ARM.ActiveCfg = Release|ARM
		{A578577D-487A-4431-BB74-A9ACB3EDE04A}.Release|ARM.Build.0 = Release|ARM
		{A578577D-487A-4431-BB74-A9ACB3EDE04A}.Release|ARM.Deploy.0 = Release|ARM
		{A578577D-487A-4431-BB74-A9ACB3EDE04A}.Release|iPhone.ActiveCfg = Release|Any CPU
		{A578577D-487A-4431-BB74-A9ACB3EDE04A}.Release|iPhone.Build.0 = Release|Any CPU
		{A578577D-487A-4431-BB74-A9ACB3EDE04A}.Release|iPhone.Deploy.0 = Release|Any CPU
		{A578577D-487A-4431-BB74-A9ACB3EDE04A}.Release|iPhoneSimulator.ActiveCfg = Release|Any CPU
		{A578577D-487A-4431-BB74-A9ACB3EDE04A}.Release|iPhoneSimulator.Build.0 = Release|Any CPU
		{A578577D-487A-4431-BB74-A9ACB3EDE04A}.Release|iPhoneSimulator.Deploy.0 = Release|Any CPU
		{A578577D-487A-4431-BB74-A9ACB3EDE04A}.Release|x64.ActiveCfg = Release|Any CPU
		{A578577D-487A-4431-BB74-A9ACB3EDE04A}.Release|x64.Build.0 = Release|Any CPU
		{A578577D-487A-4431-BB74-A9ACB3EDE04A}.Release|x64.Deploy.0 = Release|Any CPU
		{A578577D-487A-4431-BB74-A9ACB3EDE04A}.Release|x86.ActiveCfg = Release|x86
		{A578577D-487A-4431-BB74-A9ACB3EDE04A}.Release|x86.Build.0 = Release|x86
		{A578577D-487A-4431-BB74-A9ACB3EDE04A}.Release|x86.Deploy.0 = Release|x86
		{09DA61B2-C78A-43F6-92E2-C003D82B6ACF}.Ad-Hoc|Any CPU.ActiveCfg = Release|x86
		{09DA61B2-C78A-43F6-92E2-C003D82B6ACF}.Ad-Hoc|Any CPU.Build.0 = Release|x86
		{09DA61B2-C78A-43F6-92E2-C003D82B6ACF}.Ad-Hoc|Any CPU.Deploy.0 = Release|x86
		{09DA61B2-C78A-43F6-92E2-C003D82B6ACF}.Ad-Hoc|ARM.ActiveCfg = Release|ARM
		{09DA61B2-C78A-43F6-92E2-C003D82B6ACF}.Ad-Hoc|ARM.Build.0 = Release|ARM
		{09DA61B2-C78A-43F6-92E2-C003D82B6ACF}.Ad-Hoc|ARM.Deploy.0 = Release|ARM
		{09DA61B2-C78A-43F6-92E2-C003D82B6ACF}.Ad-Hoc|iPhone.ActiveCfg = Release|x86
		{09DA61B2-C78A-43F6-92E2-C003D82B6ACF}.Ad-Hoc|iPhone.Build.0 = Release|x86
		{09DA61B2-C78A-43F6-92E2-C003D82B6ACF}.Ad-Hoc|iPhone.Deploy.0 = Release|x86
		{09DA61B2-C78A-43F6-92E2-C003D82B6ACF}.Ad-Hoc|iPhoneSimulator.ActiveCfg = Release|x86
		{09DA61B2-C78A-43F6-92E2-C003D82B6ACF}.Ad-Hoc|iPhoneSimulator.Build.0 = Release|x86
		{09DA61B2-C78A-43F6-92E2-C003D82B6ACF}.Ad-Hoc|iPhoneSimulator.Deploy.0 = Release|x86
		{09DA61B2-C78A-43F6-92E2-C003D82B6ACF}.Ad-Hoc|x64.ActiveCfg = Release|x64
		{09DA61B2-C78A-43F6-92E2-C003D82B6ACF}.Ad-Hoc|x64.Build.0 = Release|x64
		{09DA61B2-C78A-43F6-92E2-C003D82B6ACF}.Ad-Hoc|x64.Deploy.0 = Release|x64
		{09DA61B2-C78A-43F6-92E2-C003D82B6ACF}.Ad-Hoc|x86.ActiveCfg = Release|x86
		{09DA61B2-C78A-43F6-92E2-C003D82B6ACF}.Ad-Hoc|x86.Build.0 = Release|x86
		{09DA61B2-C78A-43F6-92E2-C003D82B6ACF}.Ad-Hoc|x86.Deploy.0 = Release|x86
		{09DA61B2-C78A-43F6-92E2-C003D82B6ACF}.AppStore|Any CPU.ActiveCfg = Release|x86
		{09DA61B2-C78A-43F6-92E2-C003D82B6ACF}.AppStore|Any CPU.Build.0 = Release|x86
		{09DA61B2-C78A-43F6-92E2-C003D82B6ACF}.AppStore|Any CPU.Deploy.0 = Release|x86
		{09DA61B2-C78A-43F6-92E2-C003D82B6ACF}.AppStore|ARM.ActiveCfg = Release|ARM
		{09DA61B2-C78A-43F6-92E2-C003D82B6ACF}.AppStore|ARM.Build.0 = Release|ARM
		{09DA61B2-C78A-43F6-92E2-C003D82B6ACF}.AppStore|ARM.Deploy.0 = Release|ARM
		{09DA61B2-C78A-43F6-92E2-C003D82B6ACF}.AppStore|iPhone.ActiveCfg = Release|x86
		{09DA61B2-C78A-43F6-92E2-C003D82B6ACF}.AppStore|iPhone.Build.0 = Release|x86
		{09DA61B2-C78A-43F6-92E2-C003D82B6ACF}.AppStore|iPhone.Deploy.0 = Release|x86
		{09DA61B2-C78A-43F6-92E2-C003D82B6ACF}.AppStore|iPhoneSimulator.ActiveCfg = Release|x86
		{09DA61B2-C78A-43F6-92E2-C003D82B6ACF}.AppStore|iPhoneSimulator.Build.0 = Release|x86
		{09DA61B2-C78A-43F6-92E2-C003D82B6ACF}.AppStore|iPhoneSimulator.Deploy.0 = Release|x86
		{09DA61B2-C78A-43F6-92E2-C003D82B6ACF}.AppStore|x64.ActiveCfg = Release|x64
		{09DA61B2-C78A-43F6-92E2-C003D82B6ACF}.AppStore|x64.Build.0 = Release|x64
		{09DA61B2-C78A-43F6-92E2-C003D82B6ACF}.AppStore|x64.Deploy.0 = Release|x64
		{09DA61B2-C78A-43F6-92E2-C003D82B6ACF}.AppStore|x86.ActiveCfg = Release|x86
		{09DA61B2-C78A-43F6-92E2-C003D82B6ACF}.AppStore|x86.Build.0 = Release|x86
		{09DA61B2-C78A-43F6-92E2-C003D82B6ACF}.AppStore|x86.Deploy.0 = Release|x86
		{09DA61B2-C78A-43F6-92E2-C003D82B6ACF}.Debug|Any CPU.ActiveCfg = Debug|x86
		{09DA61B2-C78A-43F6-92E2-C003D82B6ACF}.Debug|ARM.ActiveCfg = Debug|ARM
		{09DA61B2-C78A-43F6-92E2-C003D82B6ACF}.Debug|ARM.Build.0 = Debug|ARM
		{09DA61B2-C78A-43F6-92E2-C003D82B6ACF}.Debug|ARM.Deploy.0 = Debug|ARM
		{09DA61B2-C78A-43F6-92E2-C003D82B6ACF}.Debug|iPhone.ActiveCfg = Debug|x86
		{09DA61B2-C78A-43F6-92E2-C003D82B6ACF}.Debug|iPhoneSimulator.ActiveCfg = Debug|x86
		{09DA61B2-C78A-43F6-92E2-C003D82B6ACF}.Debug|x64.ActiveCfg = Debug|x64
		{09DA61B2-C78A-43F6-92E2-C003D82B6ACF}.Debug|x64.Build.0 = Debug|x64
		{09DA61B2-C78A-43F6-92E2-C003D82B6ACF}.Debug|x64.Deploy.0 = Debug|x64
		{09DA61B2-C78A-43F6-92E2-C003D82B6ACF}.Debug|x86.ActiveCfg = Debug|x86
		{09DA61B2-C78A-43F6-92E2-C003D82B6ACF}.Debug|x86.Build.0 = Debug|x86
		{09DA61B2-C78A-43F6-92E2-C003D82B6ACF}.Debug|x86.Deploy.0 = Debug|x86
		{09DA61B2-C78A-43F6-92E2-C003D82B6ACF}.Release|Any CPU.ActiveCfg = Release|x86
		{09DA61B2-C78A-43F6-92E2-C003D82B6ACF}.Release|ARM.ActiveCfg = Release|ARM
		{09DA61B2-C78A-43F6-92E2-C003D82B6ACF}.Release|ARM.Build.0 = Release|ARM
		{09DA61B2-C78A-43F6-92E2-C003D82B6ACF}.Release|ARM.Deploy.0 = Release|ARM
		{09DA61B2-C78A-43F6-92E2-C003D82B6ACF}.Release|iPhone.ActiveCfg = Release|x86
		{09DA61B2-C78A-43F6-92E2-C003D82B6ACF}.Release|iPhoneSimulator.ActiveCfg = Release|x86
		{09DA61B2-C78A-43F6-92E2-C003D82B6ACF}.Release|x64.ActiveCfg = Release|x64
		{09DA61B2-C78A-43F6-92E2-C003D82B6ACF}.Release|x64.Build.0 = Release|x64
		{09DA61B2-C78A-43F6-92E2-C003D82B6ACF}.Release|x64.Deploy.0 = Release|x64
		{09DA61B2-C78A-43F6-92E2-C003D82B6ACF}.Release|x86.ActiveCfg = Release|x86
		{09DA61B2-C78A-43F6-92E2-C003D82B6ACF}.Release|x86.Build.0 = Release|x86
		{09DA61B2-C78A-43F6-92E2-C003D82B6ACF}.Release|x86.Deploy.0 = Release|x86
		{A9E9C2B8-972A-414D-AA62-C855C34957AB}.Ad-Hoc|Any CPU.ActiveCfg = Release|Any CPU
		{A9E9C2B8-972A-414D-AA62-C855C34957AB}.Ad-Hoc|Any CPU.Build.0 = Release|Any CPU
		{A9E9C2B8-972A-414D-AA62-C855C34957AB}.Ad-Hoc|Any CPU.Deploy.0 = Release|Any CPU
		{A9E9C2B8-972A-414D-AA62-C855C34957AB}.Ad-Hoc|ARM.ActiveCfg = Release|ARM
		{A9E9C2B8-972A-414D-AA62-C855C34957AB}.Ad-Hoc|ARM.Build.0 = Release|ARM
		{A9E9C2B8-972A-414D-AA62-C855C34957AB}.Ad-Hoc|ARM.Deploy.0 = Release|ARM
		{A9E9C2B8-972A-414D-AA62-C855C34957AB}.Ad-Hoc|iPhone.ActiveCfg = Release|Any CPU
		{A9E9C2B8-972A-414D-AA62-C855C34957AB}.Ad-Hoc|iPhone.Build.0 = Release|Any CPU
		{A9E9C2B8-972A-414D-AA62-C855C34957AB}.Ad-Hoc|iPhone.Deploy.0 = Release|Any CPU
		{A9E9C2B8-972A-414D-AA62-C855C34957AB}.Ad-Hoc|iPhoneSimulator.ActiveCfg = Release|Any CPU
		{A9E9C2B8-972A-414D-AA62-C855C34957AB}.Ad-Hoc|iPhoneSimulator.Build.0 = Release|Any CPU
		{A9E9C2B8-972A-414D-AA62-C855C34957AB}.Ad-Hoc|iPhoneSimulator.Deploy.0 = Release|Any CPU
		{A9E9C2B8-972A-414D-AA62-C855C34957AB}.Ad-Hoc|x64.ActiveCfg = Release|x64
		{A9E9C2B8-972A-414D-AA62-C855C34957AB}.Ad-Hoc|x64.Build.0 = Release|x64
		{A9E9C2B8-972A-414D-AA62-C855C34957AB}.Ad-Hoc|x64.Deploy.0 = Release|x64
		{A9E9C2B8-972A-414D-AA62-C855C34957AB}.Ad-Hoc|x86.ActiveCfg = Release|x86
		{A9E9C2B8-972A-414D-AA62-C855C34957AB}.Ad-Hoc|x86.Build.0 = Release|x86
		{A9E9C2B8-972A-414D-AA62-C855C34957AB}.Ad-Hoc|x86.Deploy.0 = Release|x86
		{A9E9C2B8-972A-414D-AA62-C855C34957AB}.AppStore|Any CPU.ActiveCfg = Release|Any CPU
		{A9E9C2B8-972A-414D-AA62-C855C34957AB}.AppStore|Any CPU.Build.0 = Release|Any CPU
		{A9E9C2B8-972A-414D-AA62-C855C34957AB}.AppStore|Any CPU.Deploy.0 = Release|Any CPU
		{A9E9C2B8-972A-414D-AA62-C855C34957AB}.AppStore|ARM.ActiveCfg = Release|ARM
		{A9E9C2B8-972A-414D-AA62-C855C34957AB}.AppStore|ARM.Build.0 = Release|ARM
		{A9E9C2B8-972A-414D-AA62-C855C34957AB}.AppStore|ARM.Deploy.0 = Release|ARM
		{A9E9C2B8-972A-414D-AA62-C855C34957AB}.AppStore|iPhone.ActiveCfg = Release|Any CPU
		{A9E9C2B8-972A-414D-AA62-C855C34957AB}.AppStore|iPhone.Build.0 = Release|Any CPU
		{A9E9C2B8-972A-414D-AA62-C855C34957AB}.AppStore|iPhone.Deploy.0 = Release|Any CPU
		{A9E9C2B8-972A-414D-AA62-C855C34957AB}.AppStore|iPhoneSimulator.ActiveCfg = Release|Any CPU
		{A9E9C2B8-972A-414D-AA62-C855C34957AB}.AppStore|iPhoneSimulator.Build.0 = Release|Any CPU
		{A9E9C2B8-972A-414D-AA62-C855C34957AB}.AppStore|iPhoneSimulator.Deploy.0 = Release|Any CPU
		{A9E9C2B8-972A-414D-AA62-C855C34957AB}.AppStore|x64.ActiveCfg = Release|x64
		{A9E9C2B8-972A-414D-AA62-C855C34957AB}.AppStore|x64.Build.0 = Release|x64
		{A9E9C2B8-972A-414D-AA62-C855C34957AB}.AppStore|x64.Deploy.0 = Release|x64
		{A9E9C2B8-972A-414D-AA62-C855C34957AB}.AppStore|x86.ActiveCfg = Release|x86
		{A9E9C2B8-972A-414D-AA62-C855C34957AB}.AppStore|x86.Build.0 = Release|x86
		{A9E9C2B8-972A-414D-AA62-C855C34957AB}.AppStore|x86.Deploy.0 = Release|x86
		{A9E9C2B8-972A-414D-AA62-C855C34957AB}.Debug|Any CPU.ActiveCfg = Debug|Any CPU
		{A9E9C2B8-972A-414D-AA62-C855C34957AB}.Debug|Any CPU.Build.0 = Debug|Any CPU
		{A9E9C2B8-972A-414D-AA62-C855C34957AB}.Debug|Any CPU.Deploy.0 = Debug|Any CPU
		{A9E9C2B8-972A-414D-AA62-C855C34957AB}.Debug|ARM.ActiveCfg = Debug|ARM
		{A9E9C2B8-972A-414D-AA62-C855C34957AB}.Debug|ARM.Build.0 = Debug|ARM
		{A9E9C2B8-972A-414D-AA62-C855C34957AB}.Debug|ARM.Deploy.0 = Debug|ARM
		{A9E9C2B8-972A-414D-AA62-C855C34957AB}.Debug|iPhone.ActiveCfg = Debug|Any CPU
		{A9E9C2B8-972A-414D-AA62-C855C34957AB}.Debug|iPhone.Build.0 = Debug|Any CPU
		{A9E9C2B8-972A-414D-AA62-C855C34957AB}.Debug|iPhone.Deploy.0 = Debug|Any CPU
		{A9E9C2B8-972A-414D-AA62-C855C34957AB}.Debug|iPhoneSimulator.ActiveCfg = Debug|Any CPU
		{A9E9C2B8-972A-414D-AA62-C855C34957AB}.Debug|iPhoneSimulator.Build.0 = Debug|Any CPU
		{A9E9C2B8-972A-414D-AA62-C855C34957AB}.Debug|iPhoneSimulator.Deploy.0 = Debug|Any CPU
		{A9E9C2B8-972A-414D-AA62-C855C34957AB}.Debug|x64.ActiveCfg = Debug|x64
		{A9E9C2B8-972A-414D-AA62-C855C34957AB}.Debug|x64.Build.0 = Debug|x64
		{A9E9C2B8-972A-414D-AA62-C855C34957AB}.Debug|x64.Deploy.0 = Debug|x64
		{A9E9C2B8-972A-414D-AA62-C855C34957AB}.Debug|x86.ActiveCfg = Debug|x86
		{A9E9C2B8-972A-414D-AA62-C855C34957AB}.Debug|x86.Build.0 = Debug|x86
		{A9E9C2B8-972A-414D-AA62-C855C34957AB}.Debug|x86.Deploy.0 = Debug|x86
		{A9E9C2B8-972A-414D-AA62-C855C34957AB}.Release|Any CPU.ActiveCfg = Release|Any CPU
		{A9E9C2B8-972A-414D-AA62-C855C34957AB}.Release|Any CPU.Build.0 = Release|Any CPU
		{A9E9C2B8-972A-414D-AA62-C855C34957AB}.Release|Any CPU.Deploy.0 = Release|Any CPU
		{A9E9C2B8-972A-414D-AA62-C855C34957AB}.Release|ARM.ActiveCfg = Release|ARM
		{A9E9C2B8-972A-414D-AA62-C855C34957AB}.Release|ARM.Build.0 = Release|ARM
		{A9E9C2B8-972A-414D-AA62-C855C34957AB}.Release|ARM.Deploy.0 = Release|ARM
		{A9E9C2B8-972A-414D-AA62-C855C34957AB}.Release|iPhone.ActiveCfg = Release|Any CPU
		{A9E9C2B8-972A-414D-AA62-C855C34957AB}.Release|iPhone.Build.0 = Release|Any CPU
		{A9E9C2B8-972A-414D-AA62-C855C34957AB}.Release|iPhone.Deploy.0 = Release|Any CPU
		{A9E9C2B8-972A-414D-AA62-C855C34957AB}.Release|iPhoneSimulator.ActiveCfg = Release|Any CPU
		{A9E9C2B8-972A-414D-AA62-C855C34957AB}.Release|iPhoneSimulator.Build.0 = Release|Any CPU
		{A9E9C2B8-972A-414D-AA62-C855C34957AB}.Release|iPhoneSimulator.Deploy.0 = Release|Any CPU
		{A9E9C2B8-972A-414D-AA62-C855C34957AB}.Release|x64.ActiveCfg = Release|x64
		{A9E9C2B8-972A-414D-AA62-C855C34957AB}.Release|x64.Build.0 = Release|x64
		{A9E9C2B8-972A-414D-AA62-C855C34957AB}.Release|x64.Deploy.0 = Release|x64
		{A9E9C2B8-972A-414D-AA62-C855C34957AB}.Release|x86.ActiveCfg = Release|x86
		{A9E9C2B8-972A-414D-AA62-C855C34957AB}.Release|x86.Build.0 = Release|x86
		{A9E9C2B8-972A-414D-AA62-C855C34957AB}.Release|x86.Deploy.0 = Release|x86
		{4C01FED9-C600-4C19-8882-8901A102FA96}.Ad-Hoc|Any CPU.ActiveCfg = Release|Any CPU
		{4C01FED9-C600-4C19-8882-8901A102FA96}.Ad-Hoc|Any CPU.Build.0 = Release|Any CPU
		{4C01FED9-C600-4C19-8882-8901A102FA96}.Ad-Hoc|ARM.ActiveCfg = Release|Any CPU
		{4C01FED9-C600-4C19-8882-8901A102FA96}.Ad-Hoc|ARM.Build.0 = Release|Any CPU
		{4C01FED9-C600-4C19-8882-8901A102FA96}.Ad-Hoc|iPhone.ActiveCfg = Release|Any CPU
		{4C01FED9-C600-4C19-8882-8901A102FA96}.Ad-Hoc|iPhone.Build.0 = Release|Any CPU
		{4C01FED9-C600-4C19-8882-8901A102FA96}.Ad-Hoc|iPhoneSimulator.ActiveCfg = Release|Any CPU
		{4C01FED9-C600-4C19-8882-8901A102FA96}.Ad-Hoc|iPhoneSimulator.Build.0 = Release|Any CPU
		{4C01FED9-C600-4C19-8882-8901A102FA96}.Ad-Hoc|x64.ActiveCfg = Release|Any CPU
		{4C01FED9-C600-4C19-8882-8901A102FA96}.Ad-Hoc|x64.Build.0 = Release|Any CPU
		{4C01FED9-C600-4C19-8882-8901A102FA96}.Ad-Hoc|x86.ActiveCfg = Release|Any CPU
		{4C01FED9-C600-4C19-8882-8901A102FA96}.Ad-Hoc|x86.Build.0 = Release|Any CPU
		{4C01FED9-C600-4C19-8882-8901A102FA96}.AppStore|Any CPU.ActiveCfg = Release|Any CPU
		{4C01FED9-C600-4C19-8882-8901A102FA96}.AppStore|Any CPU.Build.0 = Release|Any CPU
		{4C01FED9-C600-4C19-8882-8901A102FA96}.AppStore|ARM.ActiveCfg = Release|Any CPU
		{4C01FED9-C600-4C19-8882-8901A102FA96}.AppStore|ARM.Build.0 = Release|Any CPU
		{4C01FED9-C600-4C19-8882-8901A102FA96}.AppStore|iPhone.ActiveCfg = Release|Any CPU
		{4C01FED9-C600-4C19-8882-8901A102FA96}.AppStore|iPhone.Build.0 = Release|Any CPU
		{4C01FED9-C600-4C19-8882-8901A102FA96}.AppStore|iPhoneSimulator.ActiveCfg = Release|Any CPU
		{4C01FED9-C600-4C19-8882-8901A102FA96}.AppStore|iPhoneSimulator.Build.0 = Release|Any CPU
		{4C01FED9-C600-4C19-8882-8901A102FA96}.AppStore|x64.ActiveCfg = Release|Any CPU
		{4C01FED9-C600-4C19-8882-8901A102FA96}.AppStore|x64.Build.0 = Release|Any CPU
		{4C01FED9-C600-4C19-8882-8901A102FA96}.AppStore|x86.ActiveCfg = Release|Any CPU
		{4C01FED9-C600-4C19-8882-8901A102FA96}.AppStore|x86.Build.0 = Release|Any CPU
		{4C01FED9-C600-4C19-8882-8901A102FA96}.Debug|Any CPU.ActiveCfg = Debug|Any CPU
		{4C01FED9-C600-4C19-8882-8901A102FA96}.Debug|Any CPU.Build.0 = Debug|Any CPU
		{4C01FED9-C600-4C19-8882-8901A102FA96}.Debug|ARM.ActiveCfg = Debug|Any CPU
		{4C01FED9-C600-4C19-8882-8901A102FA96}.Debug|ARM.Build.0 = Debug|Any CPU
		{4C01FED9-C600-4C19-8882-8901A102FA96}.Debug|iPhone.ActiveCfg = Debug|Any CPU
		{4C01FED9-C600-4C19-8882-8901A102FA96}.Debug|iPhone.Build.0 = Debug|Any CPU
		{4C01FED9-C600-4C19-8882-8901A102FA96}.Debug|iPhoneSimulator.ActiveCfg = Debug|Any CPU
		{4C01FED9-C600-4C19-8882-8901A102FA96}.Debug|iPhoneSimulator.Build.0 = Debug|Any CPU
		{4C01FED9-C600-4C19-8882-8901A102FA96}.Debug|x64.ActiveCfg = Debug|Any CPU
		{4C01FED9-C600-4C19-8882-8901A102FA96}.Debug|x64.Build.0 = Debug|Any CPU
		{4C01FED9-C600-4C19-8882-8901A102FA96}.Debug|x86.ActiveCfg = Debug|Any CPU
		{4C01FED9-C600-4C19-8882-8901A102FA96}.Debug|x86.Build.0 = Debug|Any CPU
		{4C01FED9-C600-4C19-8882-8901A102FA96}.Release|Any CPU.ActiveCfg = Release|Any CPU
		{4C01FED9-C600-4C19-8882-8901A102FA96}.Release|Any CPU.Build.0 = Release|Any CPU
		{4C01FED9-C600-4C19-8882-8901A102FA96}.Release|ARM.ActiveCfg = Release|Any CPU
		{4C01FED9-C600-4C19-8882-8901A102FA96}.Release|ARM.Build.0 = Release|Any CPU
		{4C01FED9-C600-4C19-8882-8901A102FA96}.Release|iPhone.ActiveCfg = Release|Any CPU
		{4C01FED9-C600-4C19-8882-8901A102FA96}.Release|iPhone.Build.0 = Release|Any CPU
		{4C01FED9-C600-4C19-8882-8901A102FA96}.Release|iPhoneSimulator.ActiveCfg = Release|Any CPU
		{4C01FED9-C600-4C19-8882-8901A102FA96}.Release|iPhoneSimulator.Build.0 = Release|Any CPU
		{4C01FED9-C600-4C19-8882-8901A102FA96}.Release|x64.ActiveCfg = Release|Any CPU
		{4C01FED9-C600-4C19-8882-8901A102FA96}.Release|x64.Build.0 = Release|Any CPU
		{4C01FED9-C600-4C19-8882-8901A102FA96}.Release|x86.ActiveCfg = Release|Any CPU
		{4C01FED9-C600-4C19-8882-8901A102FA96}.Release|x86.Build.0 = Release|Any CPU
	EndGlobalSection
	GlobalSection(SolutionProperties) = preSolution
		HideSolutionNode = FALSE
	EndGlobalSection
EndGlobal
